{
  "version": 4,
  "terraform_version": "1.9.8",
  "serial": 266,
  "lineage": "d5e74d8a-c6e1-eb92-7d95-f91d775de8af",
  "outputs": {},
  "resources": [
    {
      "mode": "managed",
      "type": "huaweicloud_vpc",
      "name": "prod_vpc",
      "provider": "provider[\"registry.terraform.io/huaweicloud/huaweicloud\"]",
      "instances": [
        {
          "schema_version": 0,
          "attributes": {
            "cidr": "10.0.0.0/16",
            "description": "",
            "enterprise_project_id": "0",
            "id": "34bf07a6-eb2c-453b-b1e8-2a4ac6036770",
            "name": "prod-vpc-web",
            "region": "ap-southeast-3",
            "routes": [],
            "secondary_cidr": null,
            "secondary_cidrs": [],
            "status": "OK",
            "tags": {},
            "timeouts": null
          },
          "sensitive_attributes": [],
          "private": "eyJlMmJmYjczMC1lY2FhLTExZTYtOGY4OC0zNDM2M2JjN2M0YzAiOnsiY3JlYXRlIjo2MDAwMDAwMDAwMDAsImRlbGV0ZSI6MTgwMDAwMDAwMDAwfX0="
        }
      ]
    },
    {
      "mode": "managed",
      "type": "huaweicloud_vpc_subnet",
      "name": "prod_subnet",
      "provider": "provider[\"registry.terraform.io/huaweicloud/huaweicloud\"]",
      "instances": [
        {
          "schema_version": 0,
          "attributes": {
            "availability_zone": "ap-southeast-3a",
            "cidr": "10.0.1.0/24",
            "description": "",
            "dhcp_enable": true,
            "dhcp_lease_time": "87600h",
            "dns_list": [
              "100.125.1.250",
              "100.125.128.250"
            ],
            "gateway_ip": "10.0.1.1",
            "id": "80332cf6-3909-45bd-b617-c534dbb694a3",
            "ipv4_subnet_id": "976af243-55d0-4597-b5b5-05f9e7e07226",
            "ipv6_cidr": "",
            "ipv6_enable": false,
            "ipv6_gateway": "",
            "ipv6_subnet_id": "",
            "name": "prod-subnet-web",
            "ntp_server_address": null,
            "primary_dns": "100.125.1.250",
            "region": "ap-southeast-3",
            "secondary_dns": "100.125.128.250",
            "subnet_id": "976af243-55d0-4597-b5b5-05f9e7e07226",
            "tags": {},
            "timeouts": null,
            "vpc_id": "34bf07a6-eb2c-453b-b1e8-2a4ac6036770"
          },
          "sensitive_attributes": [],
          "private": "eyJlMmJmYjczMC1lY2FhLTExZTYtOGY4OC0zNDM2M2JjN2M0YzAiOnsiY3JlYXRlIjozMDAwMDAwMDAwMDAsImRlbGV0ZSI6NjAwMDAwMDAwMDAwfX0=",
          "dependencies": [
            "huaweicloud_vpc.prod_vpc"
          ]
        }
      ]
    }
  ],
  "check_results": null
}
