{
  "version": 4,
  "terraform_version": "1.9.8",
  "serial": 259,
  "lineage": "d5e74d8a-c6e1-eb92-7d95-f91d775de8af",
  "outputs": {
    "load_balancer_public_ip": {
      "value": "101.44.161.187",
      "type": "string"
    },
    "web_node_1_private_ip": {
      "value": "10.0.1.209",
      "type": "string"
    },
    "web_node_2_private_ip": {
      "value": "10.0.1.171",
      "type": "string"
    }
  },
  "resources": [
    {
      "mode": "data",
      "type": "huaweicloud_images_image",
      "name": "ubuntu",
      "provider": "provider[\"registry.terraform.io/huaweicloud/huaweicloud\"]",
      "instances": [
        {
          "schema_version": 0,
          "attributes": {
            "architecture": null,
            "backup_id": "",
            "checksum": "99914b932bd37a50b983c5e7c90ae93b",
            "container_format": "bare",
            "created_at": "2024-07-31T10:20:08Z",
            "disk_format": "zvhd2",
            "enterprise_project_id": "",
            "file": "/v2/images/ffd2a8c7-1b8d-40ae-9d92-cf76d06d8b02/file",
            "flavor_id": null,
            "id": "ffd2a8c7-1b8d-40ae-9d92-cf76d06d8b02",
            "image_type": "FusionCompute",
            "metadata": null,
            "min_disk_gb": 40,
            "min_ram_mb": 0,
            "most_recent": true,
            "name": "Ubuntu 22.04 server 64bit with Tesla Driver 535.183.01 and CUDA 12.2",
            "name_regex": "^Ubuntu 22.04 server 64bit",
            "os": "Ubuntu",
            "os_version": "Ubuntu 22.04 server 64bit",
            "owner": "0a0b14585780f5942f23c01ac0710360",
            "protected": true,
            "region": null,
            "schema": "/v2/schemas/image",
            "size_bytes": 13993553920,
            "size_max": null,
            "size_min": null,
            "sort_direction": "asc",
            "sort_key": "name",
            "status": "active",
            "tag": null,
            "updated_at": "2026-03-23T01:30:20Z",
            "visibility": "public"
          },
          "sensitive_attributes": []
        }
      ]
    },
    {
      "mode": "managed",
      "type": "huaweicloud_compute_instance",
      "name": "web_node_1",
      "provider": "provider[\"registry.terraform.io/huaweicloud/huaweicloud\"]",
      "instances": [
        {
          "schema_version": 0,
          "attributes": {
            "access_ip_v4": "10.0.1.209",
            "access_ip_v6": "",
            "admin_pass": null,
            "agency_name": "",
            "agent_list": "",
            "auto_pay": null,
            "auto_renew": null,
            "availability_zone": "ap-southeast-3a",
            "bandwidth": [],
            "charging_mode": "postPaid",
            "created_at": "2026-05-06T15:19:44Z",
            "data_disks": [],
            "delete_disks_on_termination": null,
            "delete_eip_on_termination": true,
            "description": "",
            "eip_id": null,
            "eip_type": null,
            "enterprise_project_id": "0",
            "flavor_id": "s3.large.2",
            "flavor_name": "s3.large.2",
            "hostname": "web-node-1",
            "id": "a1f21de2-d2ee-42f8-8d80-0b472ac95479",
            "image_id": "ffd2a8c7-1b8d-40ae-9d92-cf76d06d8b02",
            "image_name": "Ubuntu 22.04 server 64bit with Tesla Driver 535.183.01 and CUDA 12.2",
            "key_pair": null,
            "metadata": null,
            "name": "web-node-1",
            "network": [
              {
                "access_network": false,
                "fixed_ip_v4": "10.0.1.209",
                "fixed_ip_v6": "",
                "ipv6_enable": false,
                "mac": "fa:16:3e:70:71:41",
                "port": "3cb96bb0-6b8c-4633-8ecd-7aa217233ea6",
                "source_dest_check": true,
                "uuid": "80332cf6-3909-45bd-b617-c534dbb694a3"
              }
            ],
            "period": null,
            "period_unit": null,
            "power_action": null,
            "private_key": null,
            "public_ip": null,
            "region": "ap-southeast-3",
            "scheduler_hints": [],
            "security_group_ids": [
              "a253fa10-4bd8-49ef-b73c-f8384cfeddbb"
            ],
            "security_groups": [
              "web-sg-2026"
            ],
            "spot_duration": null,
            "spot_duration_count": null,
            "spot_maximum_price": null,
            "status": "ACTIVE",
            "stop_before_destroy": false,
            "system_disk_dss_pool_id": null,
            "system_disk_id": "a09a707a-909c-4e2c-beac-67178d3910aa",
            "system_disk_iops": 0,
            "system_disk_kms_key_id": "",
            "system_disk_size": 40,
            "system_disk_throughput": 0,
            "system_disk_type": "SAS",
            "tags": {},
            "timeouts": null,
            "updated_at": "2026-05-06T15:20:54Z",
            "user_data": null,
            "user_id": null,
            "volume_attached": [
              {
                "boot_index": 0,
                "kms_key_id": "",
                "pci_address": "0000:02:01.0",
                "size": 40,
                "type": "SAS",
                "volume_id": "a09a707a-909c-4e2c-beac-67178d3910aa"
              }
            ]
          },
          "sensitive_attributes": [
            [
              {
                "type": "get_attr",
                "value": "admin_pass"
              }
            ],
            [
              {
                "type": "get_attr",
                "value": "private_key"
              }
            ]
          ],
          "private": "eyJlMmJmYjczMC1lY2FhLTExZTYtOGY4OC0zNDM2M2JjN2M0YzAiOnsiY3JlYXRlIjoxODAwMDAwMDAwMDAwLCJkZWxldGUiOjE4MDAwMDAwMDAwMDAsInVwZGF0ZSI6MTgwMDAwMDAwMDAwMH19",
          "dependencies": [
            "data.huaweicloud_availability_zones.available",
            "data.huaweicloud_images_image.ubuntu",
            "huaweicloud_networking_secgroup.web_sg",
            "huaweicloud_vpc.prod_vpc",
            "huaweicloud_vpc_subnet.prod_subnet"
          ]
        }
      ]
    },
    {
      "mode": "managed",
      "type": "huaweicloud_compute_instance",
      "name": "web_node_2",
      "provider": "provider[\"registry.terraform.io/huaweicloud/huaweicloud\"]",
      "instances": [
        {
          "schema_version": 0,
          "attributes": {
            "access_ip_v4": "10.0.1.171",
            "access_ip_v6": "",
            "admin_pass": null,
            "agency_name": "",
            "agent_list": "",
            "auto_pay": null,
            "auto_renew": null,
            "availability_zone": "ap-southeast-3a",
            "bandwidth": [],
            "charging_mode": "postPaid",
            "created_at": "2026-05-06T15:19:44Z",
            "data_disks": [],
            "delete_disks_on_termination": null,
            "delete_eip_on_termination": true,
            "description": "",
            "eip_id": null,
            "eip_type": null,
            "enterprise_project_id": "0",
            "flavor_id": "s3.large.2",
            "flavor_name": "s3.large.2",
            "hostname": "web-node-2",
            "id": "3dad3589-8c85-4686-9406-0d3f0cbac0a9",
            "image_id": "ffd2a8c7-1b8d-40ae-9d92-cf76d06d8b02",
            "image_name": "Ubuntu 22.04 server 64bit with Tesla Driver 535.183.01 and CUDA 12.2",
            "key_pair": null,
            "metadata": null,
            "name": "web-node-2",
            "network": [
              {
                "access_network": false,
                "fixed_ip_v4": "10.0.1.171",
                "fixed_ip_v6": "",
                "ipv6_enable": false,
                "mac": "fa:16:3e:70:71:1b",
                "port": "605346ce-364e-4e4c-8751-e7aeb5e89360",
                "source_dest_check": true,
                "uuid": "80332cf6-3909-45bd-b617-c534dbb694a3"
              }
            ],
            "period": null,
            "period_unit": null,
            "power_action": null,
            "private_key": null,
            "public_ip": null,
            "region": "ap-southeast-3",
            "scheduler_hints": [],
            "security_group_ids": [
              "a253fa10-4bd8-49ef-b73c-f8384cfeddbb"
            ],
            "security_groups": [
              "web-sg-2026"
            ],
            "spot_duration": null,
            "spot_duration_count": null,
            "spot_maximum_price": null,
            "status": "ACTIVE",
            "stop_before_destroy": false,
            "system_disk_dss_pool_id": null,
            "system_disk_id": "1b5e1157-6c9e-41e8-b537-43790652ed4f",
            "system_disk_iops": 0,
            "system_disk_kms_key_id": "",
            "system_disk_size": 40,
            "system_disk_throughput": 0,
            "system_disk_type": "SAS",
            "tags": {},
            "timeouts": null,
            "updated_at": "2026-05-06T15:20:54Z",
            "user_data": null,
            "user_id": null,
            "volume_attached": [
              {
                "boot_index": 0,
                "kms_key_id": "",
                "pci_address": "0000:02:01.0",
                "size": 40,
                "type": "SAS",
                "volume_id": "1b5e1157-6c9e-41e8-b537-43790652ed4f"
              }
            ]
          },
          "sensitive_attributes": [
            [
              {
                "type": "get_attr",
                "value": "admin_pass"
              }
            ],
            [
              {
                "type": "get_attr",
                "value": "private_key"
              }
            ]
          ],
          "private": "eyJlMmJmYjczMC1lY2FhLTExZTYtOGY4OC0zNDM2M2JjN2M0YzAiOnsiY3JlYXRlIjoxODAwMDAwMDAwMDAwLCJkZWxldGUiOjE4MDAwMDAwMDAwMDAsInVwZGF0ZSI6MTgwMDAwMDAwMDAwMH19",
          "dependencies": [
            "data.huaweicloud_availability_zones.available",
            "data.huaweicloud_images_image.ubuntu",
            "huaweicloud_networking_secgroup.web_sg",
            "huaweicloud_vpc.prod_vpc",
            "huaweicloud_vpc_subnet.prod_subnet"
          ]
        }
      ]
    },
    {
      "mode": "managed",
      "type": "huaweicloud_networking_secgroup",
      "name": "web_sg",
      "provider": "provider[\"registry.terraform.io/huaweicloud/huaweicloud\"]",
      "instances": [
        {
          "schema_version": 0,
          "attributes": {
            "created_at": "2026-05-06T15:03:01Z",
            "delete_default_rules": true,
            "description": "Security group for web servers",
            "enterprise_project_id": "0",
            "id": "a253fa10-4bd8-49ef-b73c-f8384cfeddbb",
            "name": "web-sg-2026",
            "region": "ap-southeast-3",
            "rules": [],
            "timeouts": null,
            "updated_at": "2026-05-06T15:04:11Z"
          },
          "sensitive_attributes": [],
          "private": "eyJlMmJmYjczMC1lY2FhLTExZTYtOGY4OC0zNDM2M2JjN2M0YzAiOnsiZGVsZXRlIjo2MDAwMDAwMDAwMDB9fQ=="
        }
      ]
    },
    {
      "mode": "managed",
      "type": "huaweicloud_vpc",
      "name": "prod_vpc",
      "provider": "provider[\"registry.terraform.io/huaweicloud/huaweicloud\"]",
      "instances": [
        {
          "schema_version": 0,
          "attributes": {
            "cidr": "10.0.0.0/16",
            "description": "",
            "enterprise_project_id": "0",
            "id": "34bf07a6-eb2c-453b-b1e8-2a4ac6036770",
            "name": "prod-vpc-web",
            "region": "ap-southeast-3",
            "routes": [],
            "secondary_cidr": null,
            "secondary_cidrs": [],
            "status": "OK",
            "tags": {},
            "timeouts": null
          },
          "sensitive_attributes": [],
          "private": "eyJlMmJmYjczMC1lY2FhLTExZTYtOGY4OC0zNDM2M2JjN2M0YzAiOnsiY3JlYXRlIjo2MDAwMDAwMDAwMDAsImRlbGV0ZSI6MTgwMDAwMDAwMDAwfX0="
        }
      ]
    },
    {
      "mode": "managed",
      "type": "huaweicloud_vpc_eip",
      "name": "elb_eip",
      "provider": "provider[\"registry.terraform.io/huaweicloud/huaweicloud\"]",
      "instances": [
        {
          "schema_version": 0,
          "attributes": {
            "address": "101.44.161.187",
            "auto_pay": null,
            "auto_renew": null,
            "bandwidth": [
              {
                "charge_mode": "traffic",
                "id": "3ca01b7b-b4f6-4894-b097-8f52331ea2a8",
                "name": "elb-bandwidth",
                "share_type": "PER",
                "size": 10
              }
            ],
            "charging_mode": null,
            "enterprise_project_id": "0",
            "id": "276ff055-2555-44e7-873d-3218e57d7770",
            "ipv6_address": "",
            "name": "",
            "period": null,
            "period_unit": null,
            "port_id": "",
            "private_ip": "",
            "publicip": [
              {
                "ip_address": "101.44.161.187",
                "ip_version": 4,
                "port_id": "",
                "type": "5_bgp"
              }
            ],
            "region": "ap-southeast-3",
            "status": "UNBOUND",
            "tags": {},
            "timeouts": null
          },
          "sensitive_attributes": [],
          "private": "eyJlMmJmYjczMC1lY2FhLTExZTYtOGY4OC0zNDM2M2JjN2M0YzAiOnsiY3JlYXRlIjo2MDAwMDAwMDAwMDAsImRlbGV0ZSI6MzAwMDAwMDAwMDAwLCJ1cGRhdGUiOjMwMDAwMDAwMDAwMH19"
        }
      ]
    },
    {
      "mode": "managed",
      "type": "huaweicloud_vpc_subnet",
      "name": "prod_subnet",
      "provider": "provider[\"registry.terraform.io/huaweicloud/huaweicloud\"]",
      "instances": [
        {
          "schema_version": 0,
          "attributes": {
            "availability_zone": "ap-southeast-3a",
            "cidr": "10.0.1.0/24",
            "description": "",
            "dhcp_enable": true,
            "dhcp_lease_time": "87600h",
            "dns_list": [
              "100.125.1.250",
              "100.125.128.250"
            ],
            "gateway_ip": "10.0.1.1",
            "id": "80332cf6-3909-45bd-b617-c534dbb694a3",
            "ipv4_subnet_id": "976af243-55d0-4597-b5b5-05f9e7e07226",
            "ipv6_cidr": "",
            "ipv6_enable": false,
            "ipv6_gateway": "",
            "ipv6_subnet_id": "",
            "name": "prod-subnet-web",
            "ntp_server_address": null,
            "primary_dns": "100.125.1.250",
            "region": "ap-southeast-3",
            "secondary_dns": "100.125.128.250",
            "subnet_id": "976af243-55d0-4597-b5b5-05f9e7e07226",
            "tags": {},
            "timeouts": null,
            "vpc_id": "34bf07a6-eb2c-453b-b1e8-2a4ac6036770"
          },
          "sensitive_attributes": [],
          "private": "eyJlMmJmYjczMC1lY2FhLTExZTYtOGY4OC0zNDM2M2JjN2M0YzAiOnsiY3JlYXRlIjozMDAwMDAwMDAwMDAsImRlbGV0ZSI6NjAwMDAwMDAwMDAwfX0=",
          "dependencies": [
            "huaweicloud_vpc.prod_vpc"
          ]
        }
      ]
    }
  ],
  "check_results": null
}
