{
  "version": 4,
  "terraform_version": "1.15.1",
  "serial": 188,
  "lineage": "d5e74d8a-c6e1-eb92-7d95-f91d775de8af",
  "outputs": {
    "architecture_summary": {
      "value": "Infraestructura web de alta disponibilidad desplegada exitosamente con 2 servidores ECS, VPC, subnet, bucket OBS y EIPs para cada servidor.",
      "type": "string"
    },
    "bucket_name": {
      "value": "mi-proyecto-assets-2026",
      "type": "string"
    },
    "subnet_id": {
      "value": "630c6bcd-fa8a-445c-b335-239cd0cb2ed1",
      "type": "string"
    },
    "vpc_id": {
      "value": "5c08535a-c5b9-4ca2-8f25-c7172bbc2f79",
      "type": "string"
    },
    "web_node_1_admin_pass": {
      "value": "Huawei@2026!",
      "type": "string",
      "sensitive": true
    },
    "web_node_1_private_ip": {
      "value": "10.0.1.13",
      "type": "string"
    },
    "web_node_1_public_ip": {
      "value": "188.239.37.33",
      "type": "string"
    },
    "web_node_2_admin_pass": {
      "value": "Huawei@2026!",
      "type": "string",
      "sensitive": true
    },
    "web_node_2_private_ip": {
      "value": "10.0.1.107",
      "type": "string"
    },
    "web_node_2_public_ip": {
      "value": "101.44.161.187",
      "type": "string"
    }
  },
  "resources": [
    {
      "mode": "managed",
      "type": "huaweicloud_compute_eip_associate",
      "name": "web_node_1_eip_assoc",
      "provider": "provider[\"registry.terraform.io/huaweicloud/huaweicloud\"]",
      "instances": [
        {
          "schema_version": 0,
          "attributes": {
            "bandwidth_id": null,
            "fixed_ip": "10.0.1.13",
            "id": "188.239.37.33/7fa04b63-3b45-44d8-b40d-b46543eaeec4/10.0.1.13",
            "instance_id": "7fa04b63-3b45-44d8-b40d-b46543eaeec4",
            "port_id": "1917db6d-eef0-4ab3-92c8-af211b8b3c8c",
            "public_ip": "188.239.37.33",
            "region": "ap-southeast-3",
            "timeouts": null
          },
          "sensitive_attributes": [],
          "identity_schema_version": 0,
          "private": "eyJlMmJmYjczMC1lY2FhLTExZTYtOGY4OC0zNDM2M2JjN2M0YzAiOnsiY3JlYXRlIjo2MDAwMDAwMDAwMDB9fQ==",
          "dependencies": [
            "huaweicloud_compute_instance.web_node_1",
            "huaweicloud_vpc.prod_vpc",
            "huaweicloud_vpc_eip.web_node_1_eip",
            "huaweicloud_vpc_subnet.prod_subnet"
          ]
        }
      ]
    },
    {
      "mode": "managed",
      "type": "huaweicloud_compute_eip_associate",
      "name": "web_node_2_eip_assoc",
      "provider": "provider[\"registry.terraform.io/huaweicloud/huaweicloud\"]",
      "instances": [
        {
          "schema_version": 0,
          "attributes": {
            "bandwidth_id": null,
            "fixed_ip": "10.0.1.107",
            "id": "101.44.161.187/1a0671fe-8523-40bd-aa38-d5b94eee0d9f/10.0.1.107",
            "instance_id": "1a0671fe-8523-40bd-aa38-d5b94eee0d9f",
            "port_id": "35ad6da8-b56b-44dd-87cd-0e721fb3909d",
            "public_ip": "101.44.161.187",
            "region": "ap-southeast-3",
            "timeouts": null
          },
          "sensitive_attributes": [],
          "identity_schema_version": 0,
          "private": "eyJlMmJmYjczMC1lY2FhLTExZTYtOGY4OC0zNDM2M2JjN2M0YzAiOnsiY3JlYXRlIjo2MDAwMDAwMDAwMDB9fQ==",
          "dependencies": [
            "huaweicloud_compute_instance.web_node_2",
            "huaweicloud_vpc.prod_vpc",
            "huaweicloud_vpc_eip.web_node_2_eip",
            "huaweicloud_vpc_subnet.prod_subnet"
          ]
        }
      ]
    },
    {
      "mode": "managed",
      "type": "huaweicloud_compute_instance",
      "name": "web_node_1",
      "provider": "provider[\"registry.terraform.io/huaweicloud/huaweicloud\"]",
      "instances": [
        {
          "schema_version": 0,
          "attributes": {
            "access_ip_v4": "10.0.1.13",
            "access_ip_v6": "",
            "admin_pass": "Huawei@2026!",
            "agency_name": "",
            "agent_list": "",
            "auto_pay": null,
            "auto_renew": null,
            "availability_zone": "ap-southeast-3a",
            "bandwidth": [],
            "charging_mode": "postPaid",
            "created_at": "2026-05-05T20:39:31Z",
            "data_disks": [],
            "delete_disks_on_termination": null,
            "delete_eip_on_termination": true,
            "description": "",
            "eip_id": null,
            "eip_type": null,
            "enterprise_project_id": "0",
            "flavor_id": "s6.large.2",
            "flavor_name": "s6.large.2",
            "hostname": "web-node-1",
            "id": "7fa04b63-3b45-44d8-b40d-b46543eaeec4",
            "image_id": "1c136556-5a40-4382-884a-eb340532dc58",
            "image_name": "Ubuntu 22.04 server 64bit",
            "key_pair": null,
            "metadata": {
              "role": "web-server"
            },
            "name": "web-node-1",
            "network": [
              {
                "access_network": false,
                "fixed_ip_v4": "10.0.1.13",
                "fixed_ip_v6": "",
                "ipv6_enable": false,
                "mac": "fa:16:3e:79:7a:86",
                "port": "1917db6d-eef0-4ab3-92c8-af211b8b3c8c",
                "source_dest_check": true,
                "uuid": "630c6bcd-fa8a-445c-b335-239cd0cb2ed1"
              }
            ],
            "period": null,
            "period_unit": null,
            "power_action": null,
            "private_key": null,
            "public_ip": null,
            "region": "ap-southeast-3",
            "scheduler_hints": [],
            "security_group_ids": [
              "8acd7a0f-c3a1-4f00-9fdb-b3c1ec80ff59"
            ],
            "security_groups": [
              "default"
            ],
            "spot_duration": null,
            "spot_duration_count": null,
            "spot_maximum_price": null,
            "status": "ACTIVE",
            "stop_before_destroy": false,
            "system_disk_dss_pool_id": null,
            "system_disk_id": "a5ada455-d28a-4475-942b-809e0ef3834c",
            "system_disk_iops": 0,
            "system_disk_kms_key_id": "",
            "system_disk_size": 40,
            "system_disk_throughput": 0,
            "system_disk_type": "SAS",
            "tags": null,
            "timeouts": null,
            "updated_at": "2026-05-05T20:40:23Z",
            "user_data": null,
            "user_id": null,
            "volume_attached": [
              {
                "boot_index": 0,
                "kms_key_id": "",
                "pci_address": "0000:02:01.0",
                "size": 40,
                "type": "SAS",
                "volume_id": "a5ada455-d28a-4475-942b-809e0ef3834c"
              }
            ]
          },
          "sensitive_attributes": [
            [
              {
                "type": "get_attr",
                "value": "admin_pass"
              }
            ],
            [
              {
                "type": "get_attr",
                "value": "private_key"
              }
            ]
          ],
          "identity_schema_version": 0,
          "private": "eyJlMmJmYjczMC1lY2FhLTExZTYtOGY4OC0zNDM2M2JjN2M0YzAiOnsiY3JlYXRlIjoxODAwMDAwMDAwMDAwLCJkZWxldGUiOjE4MDAwMDAwMDAwMDAsInVwZGF0ZSI6MTgwMDAwMDAwMDAwMH19",
          "dependencies": [
            "huaweicloud_vpc.prod_vpc",
            "huaweicloud_vpc_subnet.prod_subnet"
          ]
        }
      ]
    },
    {
      "mode": "managed",
      "type": "huaweicloud_compute_instance",
      "name": "web_node_2",
      "provider": "provider[\"registry.terraform.io/huaweicloud/huaweicloud\"]",
      "instances": [
        {
          "schema_version": 0,
          "attributes": {
            "access_ip_v4": "10.0.1.107",
            "access_ip_v6": "",
            "admin_pass": "Huawei@2026!",
            "agency_name": "",
            "agent_list": "",
            "auto_pay": null,
            "auto_renew": null,
            "availability_zone": "ap-southeast-3a",
            "bandwidth": [],
            "charging_mode": "postPaid",
            "created_at": "2026-05-05T20:39:30Z",
            "data_disks": [],
            "delete_disks_on_termination": null,
            "delete_eip_on_termination": true,
            "description": "",
            "eip_id": null,
            "eip_type": null,
            "enterprise_project_id": "0",
            "flavor_id": "s6.large.2",
            "flavor_name": "s6.large.2",
            "hostname": "web-node-2",
            "id": "1a0671fe-8523-40bd-aa38-d5b94eee0d9f",
            "image_id": "1c136556-5a40-4382-884a-eb340532dc58",
            "image_name": "Ubuntu 22.04 server 64bit",
            "key_pair": null,
            "metadata": {
              "role": "web-server"
            },
            "name": "web-node-2",
            "network": [
              {
                "access_network": false,
                "fixed_ip_v4": "10.0.1.107",
                "fixed_ip_v6": "",
                "ipv6_enable": false,
                "mac": "fa:16:3e:79:7a:e4",
                "port": "35ad6da8-b56b-44dd-87cd-0e721fb3909d",
                "source_dest_check": true,
                "uuid": "630c6bcd-fa8a-445c-b335-239cd0cb2ed1"
              }
            ],
            "period": null,
            "period_unit": null,
            "power_action": null,
            "private_key": null,
            "public_ip": null,
            "region": "ap-southeast-3",
            "scheduler_hints": [],
            "security_group_ids": [
              "8acd7a0f-c3a1-4f00-9fdb-b3c1ec80ff59"
            ],
            "security_groups": [
              "default"
            ],
            "spot_duration": null,
            "spot_duration_count": null,
            "spot_maximum_price": null,
            "status": "ACTIVE",
            "stop_before_destroy": false,
            "system_disk_dss_pool_id": null,
            "system_disk_id": "071395cc-3a4d-4820-8657-9889d7dc0f5a",
            "system_disk_iops": 0,
            "system_disk_kms_key_id": "",
            "system_disk_size": 40,
            "system_disk_throughput": 0,
            "system_disk_type": "SAS",
            "tags": null,
            "timeouts": null,
            "updated_at": "2026-05-05T20:40:12Z",
            "user_data": null,
            "user_id": null,
            "volume_attached": [
              {
                "boot_index": 0,
                "kms_key_id": "",
                "pci_address": "0000:02:01.0",
                "size": 40,
                "type": "SAS",
                "volume_id": "071395cc-3a4d-4820-8657-9889d7dc0f5a"
              }
            ]
          },
          "sensitive_attributes": [
            [
              {
                "type": "get_attr",
                "value": "admin_pass"
              }
            ],
            [
              {
                "type": "get_attr",
                "value": "private_key"
              }
            ]
          ],
          "identity_schema_version": 0,
          "private": "eyJlMmJmYjczMC1lY2FhLTExZTYtOGY4OC0zNDM2M2JjN2M0YzAiOnsiY3JlYXRlIjoxODAwMDAwMDAwMDAwLCJkZWxldGUiOjE4MDAwMDAwMDAwMDAsInVwZGF0ZSI6MTgwMDAwMDAwMDAwMH19",
          "dependencies": [
            "huaweicloud_vpc.prod_vpc",
            "huaweicloud_vpc_subnet.prod_subnet"
          ]
        }
      ]
    },
    {
      "mode": "managed",
      "type": "huaweicloud_obs_bucket",
      "name": "assets_bucket",
      "provider": "provider[\"registry.terraform.io/huaweicloud/huaweicloud\"]",
      "instances": [
        {
          "schema_version": 0,
          "attributes": {
            "acl": "private",
            "bucket": "mi-proyecto-assets-2026",
            "bucket_domain_name": "mi-proyecto-assets-2026.obs.la-north-2.myhuaweicloud.com",
            "bucket_version": "3.0",
            "cors_rule": [],
            "encryption": false,
            "enterprise_project_id": "0",
            "force_destroy": false,
            "id": "mi-proyecto-assets-2026",
            "kms_key_id": "",
            "kms_key_project_id": "",
            "lifecycle_rule": [],
            "logging": [],
            "multi_az": false,
            "parallel_fs": false,
            "policy": "",
            "policy_format": "obs",
            "quota": 0,
            "region": "la-north-2",
            "sse_algorithm": "",
            "storage_class": "STANDARD",
            "storage_info": [
              {
                "object_number": 0,
                "size": 0
              }
            ],
            "tags": {},
            "user_domain_names": [],
            "versioning": false,
            "website": []
          },
          "sensitive_attributes": [],
          "identity_schema_version": 0,
          "private": "bnVsbA=="
        }
      ]
    },
    {
      "mode": "managed",
      "type": "huaweicloud_vpc",
      "name": "prod_vpc",
      "provider": "provider[\"registry.terraform.io/huaweicloud/huaweicloud\"]",
      "instances": [
        {
          "schema_version": 0,
          "attributes": {
            "cidr": "10.0.0.0/16",
            "description": "",
            "enterprise_project_id": "0",
            "id": "5c08535a-c5b9-4ca2-8f25-c7172bbc2f79",
            "name": "prod-vpc",
            "region": "ap-southeast-3",
            "routes": [],
            "secondary_cidr": null,
            "secondary_cidrs": [],
            "status": "OK",
            "tags": {},
            "timeouts": null
          },
          "sensitive_attributes": [],
          "identity_schema_version": 0,
          "private": "eyJlMmJmYjczMC1lY2FhLTExZTYtOGY4OC0zNDM2M2JjN2M0YzAiOnsiY3JlYXRlIjo2MDAwMDAwMDAwMDAsImRlbGV0ZSI6MTgwMDAwMDAwMDAwfX0="
        }
      ]
    },
    {
      "mode": "managed",
      "type": "huaweicloud_vpc_eip",
      "name": "web_node_1_eip",
      "provider": "provider[\"registry.terraform.io/huaweicloud/huaweicloud\"]",
      "instances": [
        {
          "schema_version": 0,
          "attributes": {
            "address": "188.239.37.33",
            "auto_pay": null,
            "auto_renew": null,
            "bandwidth": [
              {
                "charge_mode": "traffic",
                "id": "857d55e9-1c3f-4abc-b403-a8336b63fbde",
                "name": "web-node-1-bandwidth",
                "share_type": "PER",
                "size": 100
              }
            ],
            "charging_mode": null,
            "enterprise_project_id": "0",
            "id": "36977662-db14-4734-9a14-5c5eb1a68ed5",
            "ipv6_address": "",
            "name": "",
            "period": null,
            "period_unit": null,
            "port_id": "",
            "private_ip": "",
            "publicip": [
              {
                "ip_address": "188.239.37.33",
                "ip_version": 4,
                "port_id": "",
                "type": "5_bgp"
              }
            ],
            "region": "ap-southeast-3",
            "status": "UNBOUND",
            "tags": {},
            "timeouts": null
          },
          "sensitive_attributes": [],
          "identity_schema_version": 0,
          "private": "eyJlMmJmYjczMC1lY2FhLTExZTYtOGY4OC0zNDM2M2JjN2M0YzAiOnsiY3JlYXRlIjo2MDAwMDAwMDAwMDAsImRlbGV0ZSI6MzAwMDAwMDAwMDAwLCJ1cGRhdGUiOjMwMDAwMDAwMDAwMH19"
        }
      ]
    },
    {
      "mode": "managed",
      "type": "huaweicloud_vpc_eip",
      "name": "web_node_2_eip",
      "provider": "provider[\"registry.terraform.io/huaweicloud/huaweicloud\"]",
      "instances": [
        {
          "schema_version": 0,
          "attributes": {
            "address": "101.44.161.187",
            "auto_pay": null,
            "auto_renew": null,
            "bandwidth": [
              {
                "charge_mode": "traffic",
                "id": "7fa4d12e-2abb-4a8a-b8e5-f4ba85c76ecb",
                "name": "web-node-2-bandwidth",
                "share_type": "PER",
                "size": 100
              }
            ],
            "charging_mode": null,
            "enterprise_project_id": "0",
            "id": "18c73979-b3f8-491e-b08c-d428c14e6eb0",
            "ipv6_address": "",
            "name": "",
            "period": null,
            "period_unit": null,
            "port_id": "",
            "private_ip": "",
            "publicip": [
              {
                "ip_address": "101.44.161.187",
                "ip_version": 4,
                "port_id": "",
                "type": "5_bgp"
              }
            ],
            "region": "ap-southeast-3",
            "status": "UNBOUND",
            "tags": {},
            "timeouts": null
          },
          "sensitive_attributes": [],
          "identity_schema_version": 0,
          "private": "eyJlMmJmYjczMC1lY2FhLTExZTYtOGY4OC0zNDM2M2JjN2M0YzAiOnsiY3JlYXRlIjo2MDAwMDAwMDAwMDAsImRlbGV0ZSI6MzAwMDAwMDAwMDAwLCJ1cGRhdGUiOjMwMDAwMDAwMDAwMH19"
        }
      ]
    },
    {
      "mode": "managed",
      "type": "huaweicloud_vpc_subnet",
      "name": "prod_subnet",
      "provider": "provider[\"registry.terraform.io/huaweicloud/huaweicloud\"]",
      "instances": [
        {
          "schema_version": 0,
          "attributes": {
            "availability_zone": "",
            "cidr": "10.0.1.0/24",
            "description": "",
            "dhcp_enable": true,
            "dhcp_lease_time": "87600h",
            "dns_list": [
              "100.125.1.250",
              "100.125.128.250"
            ],
            "gateway_ip": "10.0.1.1",
            "id": "630c6bcd-fa8a-445c-b335-239cd0cb2ed1",
            "ipv4_subnet_id": "6ac64f03-ebd4-44a1-9273-b5cedcbd0c63",
            "ipv6_cidr": "",
            "ipv6_enable": false,
            "ipv6_gateway": "",
            "ipv6_subnet_id": "",
            "name": "prod-subnet",
            "ntp_server_address": null,
            "primary_dns": "100.125.1.250",
            "region": "ap-southeast-3",
            "secondary_dns": "100.125.128.250",
            "subnet_id": "6ac64f03-ebd4-44a1-9273-b5cedcbd0c63",
            "tags": {},
            "timeouts": null,
            "vpc_id": "5c08535a-c5b9-4ca2-8f25-c7172bbc2f79"
          },
          "sensitive_attributes": [],
          "identity_schema_version": 0,
          "private": "eyJlMmJmYjczMC1lY2FhLTExZTYtOGY4OC0zNDM2M2JjN2M0YzAiOnsiY3JlYXRlIjozMDAwMDAwMDAwMDAsImRlbGV0ZSI6NjAwMDAwMDAwMDAwfX0=",
          "dependencies": [
            "huaweicloud_vpc.prod_vpc"
          ]
        }
      ]
    }
  ],
  "check_results": null
}
